
Microsoft Visual Studio Solution File, Format Version 12.00
# Visual Studio Version 17
VisualStudioVersion = 17.5.002.0
MinimumVisualStudioVersion = 10.0.40219.1
Project("{9A19103F-16F7-4668-BE54-9A1E7A4F7556}") = "FormulaDoPadeiro", "FormulaDoPadeiro.csproj", "{D118D6DA-12E2-47AB-A8BD-F102E575FFFA}"
EndProject
Global
	GlobalSection(SolutionConfigurationPlatforms) = preSolution
		Debug|Any CPU = Debug|Any CPU
		Release|Any CPU = Release|Any CPU
	EndGlobalSection
	GlobalSection(ProjectConfigurationPlatforms) = postSolution
		{D118D6DA-12E2-47AB-A8BD-F102E575FFFA}.Debug|Any CPU.ActiveCfg = Debug|Any CPU
		{D118D6DA-12E2-47AB-A8BD-F102E575FFFA}.Debug|Any CPU.Build.0 = Debug|Any CPU
		{D118D6DA-12E2-47AB-A8BD-F102E575FFFA}.Release|Any CPU.ActiveCfg = Release|Any CPU
		{D118D6DA-12E2-47AB-A8BD-F102E575FFFA}.Release|Any CPU.Build.0 = Release|Any CPU
	EndGlobalSection
	GlobalSection(SolutionProperties) = preSolution
		HideSolutionNode = FALSE
	EndGlobalSection
	GlobalSection(ExtensibilityGlobals) = postSolution
		SolutionGuid = {54566C27-0B30-4B01-BBE5-A10623EE3281}
	EndGlobalSection
EndGlobal
